// !$*UTF8*$!
{
	archiveVersion = 1;
	classes = {
	};
	objectVersion = 46;
	objects = {

/* Begin PBXBuildFile section */
		EC28BB411E2B8A31002F34FE /* SafeClient.swift in Sources */ = {isa = PBXBuildFile; fileRef = EC28BB401E2B8A31002F34FE /* SafeClient.swift */; };
		EC28BB421E2B8A31002F34FE /* SafeClient.swift in Sources */ = {isa = PBXBuildFile; fileRef = EC28BB401E2B8A31002F34FE /* SafeClient.swift */; };
		EC28BB431E2B8A31002F34FE /* SafeClient.swift in Sources */ = {isa = PBXBuildFile; fileRef = EC28BB401E2B8A31002F34FE /* SafeClient.swift */; };
		EC28BB441E2B8A31002F34FE /* SafeClient.swift in Sources */ = {isa = PBXBuildFile; fileRef = EC28BB401E2B8A31002F34FE /* SafeClient.swift */; };
		EC28BB581E2BE92D002F34FE /* Activity.swift in Sources */ = {isa = PBXBuildFile; fileRef = EC28BB571E2BE92D002F34FE /* Activity.swift */; };
		EC28BB591E2BE92D002F34FE /* Activity.swift in Sources */ = {isa = PBXBuildFile; fileRef = EC28BB571E2BE92D002F34FE /* Activity.swift */; };
		EC28BB5A1E2BE92D002F34FE /* Activity.swift in Sources */ = {isa = PBXBuildFile; fileRef = EC28BB571E2BE92D002F34FE /* Activity.swift */; };
		EC28BB5B1E2BE92D002F34FE /* Activity.swift in Sources */ = {isa = PBXBuildFile; fileRef = EC28BB571E2BE92D002F34FE /* Activity.swift */; };
		EC7166CF1DE5F2F5006F1386 /* ReactiveAPI.framework in Frameworks */ = {isa = PBXBuildFile; fileRef = EC7166C51DE5F2F5006F1386 /* ReactiveAPI.framework */; };
		EC7166D41DE5F2F5006F1386 /* ReactiveAPITests.swift in Sources */ = {isa = PBXBuildFile; fileRef = EC7166D31DE5F2F5006F1386 /* ReactiveAPITests.swift */; };
		EC7166D61DE5F2F5006F1386 /* ReactiveAPI.h in Headers */ = {isa = PBXBuildFile; fileRef = EC7166C81DE5F2F5006F1386 /* ReactiveAPI.h */; settings = {ATTRIBUTES = (Public, ); }; };
		EC7166F41DE5F496006F1386 /* HTTPMethod.swift in Sources */ = {isa = PBXBuildFile; fileRef = EC7166EE1DE5F496006F1386 /* HTTPMethod.swift */; };
		EC7166F51DE5F496006F1386 /* RequestParameters.swift in Sources */ = {isa = PBXBuildFile; fileRef = EC7166EF1DE5F496006F1386 /* RequestParameters.swift */; };
		EC7166F61DE5F496006F1386 /* Request.swift in Sources */ = {isa = PBXBuildFile; fileRef = EC7166F01DE5F496006F1386 /* Request.swift */; };
		EC7166F71DE5F496006F1386 /* Utilities.swift in Sources */ = {isa = PBXBuildFile; fileRef = EC7166F11DE5F496006F1386 /* Utilities.swift */; };
		EC71670C1DE5F5E5006F1386 /* ReactiveKit.framework in Frameworks */ = {isa = PBXBuildFile; fileRef = EC7167011DE5F5CF006F1386 /* ReactiveKit.framework */; };
		EC7ADFC31E1AD1D300D8F7E0 /* Client.swift in Sources */ = {isa = PBXBuildFile; fileRef = EC7166EC1DE5F496006F1386 /* Client.swift */; };
		EC7ADFC41E1AD1D300D8F7E0 /* HTTPMethod.swift in Sources */ = {isa = PBXBuildFile; fileRef = EC7166EE1DE5F496006F1386 /* HTTPMethod.swift */; };
		EC7ADFC51E1AD1D300D8F7E0 /* RequestParameters.swift in Sources */ = {isa = PBXBuildFile; fileRef = EC7166EF1DE5F496006F1386 /* RequestParameters.swift */; };
		EC7ADFC61E1AD1D300D8F7E0 /* Request.swift in Sources */ = {isa = PBXBuildFile; fileRef = EC7166F01DE5F496006F1386 /* Request.swift */; };
		EC7ADFC71E1AD1D300D8F7E0 /* Utilities.swift in Sources */ = {isa = PBXBuildFile; fileRef = EC7166F11DE5F496006F1386 /* Utilities.swift */; };
		EC7ADFC81E1AD1D500D8F7E0 /* ReactiveAPI.h in Headers */ = {isa = PBXBuildFile; fileRef = EC7166C81DE5F2F5006F1386 /* ReactiveAPI.h */; settings = {ATTRIBUTES = (Public, ); }; };
		EC7ADFD61E1AD23100D8F7E0 /* Client.swift in Sources */ = {isa = PBXBuildFile; fileRef = EC7166EC1DE5F496006F1386 /* Client.swift */; };
		EC7ADFD71E1AD23100D8F7E0 /* HTTPMethod.swift in Sources */ = {isa = PBXBuildFile; fileRef = EC7166EE1DE5F496006F1386 /* HTTPMethod.swift */; };
		EC7ADFD81E1AD23100D8F7E0 /* RequestParameters.swift in Sources */ = {isa = PBXBuildFile; fileRef = EC7166EF1DE5F496006F1386 /* RequestParameters.swift */; };
		EC7ADFD91E1AD23100D8F7E0 /* Request.swift in Sources */ = {isa = PBXBuildFile; fileRef = EC7166F01DE5F496006F1386 /* Request.swift */; };
		EC7ADFDA1E1AD23100D8F7E0 /* Utilities.swift in Sources */ = {isa = PBXBuildFile; fileRef = EC7166F11DE5F496006F1386 /* Utilities.swift */; };
		EC7ADFDB1E1AD23400D8F7E0 /* ReactiveAPI.h in Headers */ = {isa = PBXBuildFile; fileRef = EC7166C81DE5F2F5006F1386 /* ReactiveAPI.h */; settings = {ATTRIBUTES = (Public, ); }; };
		ECC282CB1E1AACA50032EEB2 /* Client.swift in Sources */ = {isa = PBXBuildFile; fileRef = EC7166EC1DE5F496006F1386 /* Client.swift */; };
/* End PBXBuildFile section */

/* Begin PBXContainerItemProxy section */
		EC7166D01DE5F2F5006F1386 /* PBXContainerItemProxy */ = {
			isa = PBXContainerItemProxy;
			containerPortal = EC7166BC1DE5F2F5006F1386 /* Project object */;
			proxyType = 1;
			remoteGlobalIDString = EC7166C41DE5F2F5006F1386;
			remoteInfo = ReactiveAPI;
		};
		EC7167001DE5F5CF006F1386 /* PBXContainerItemProxy */ = {
			isa = PBXContainerItemProxy;
			containerPortal = EC7166F81DE5F5CF006F1386 /* ReactiveKit.xcodeproj */;
			proxyType = 2;
			remoteGlobalIDString = ECBCCDD01BEB6B9A00723476;
			remoteInfo = "ReactiveKit-iOS";
		};
		EC7167021DE5F5CF006F1386 /* PBXContainerItemProxy */ = {
			isa = PBXContainerItemProxy;
			containerPortal = EC7166F81DE5F5CF006F1386 /* ReactiveKit.xcodeproj */;
			proxyType = 2;
			remoteGlobalIDString = 16C33AF91BEFB72500A0DBE0;
			remoteInfo = "ReactiveKit-tvOS";
		};
		EC7167041DE5F5CF006F1386 /* PBXContainerItemProxy */ = {
			isa = PBXContainerItemProxy;
			containerPortal = EC7166F81DE5F5CF006F1386 /* ReactiveKit.xcodeproj */;
			proxyType = 2;
			remoteGlobalIDString = 16C33B161BEFB9CB00A0DBE0;
			remoteInfo = "ReactiveKit-watchOS";
		};
		EC7167061DE5F5CF006F1386 /* PBXContainerItemProxy */ = {
			isa = PBXContainerItemProxy;
			containerPortal = EC7166F81DE5F5CF006F1386 /* ReactiveKit.xcodeproj */;
			proxyType = 2;
			remoteGlobalIDString = 16C33B241BEFBA0100A0DBE0;
			remoteInfo = "ReactiveKit-macOS";
		};
		EC7167081DE5F5CF006F1386 /* PBXContainerItemProxy */ = {
			isa = PBXContainerItemProxy;
			containerPortal = EC7166F81DE5F5CF006F1386 /* ReactiveKit.xcodeproj */;
			proxyType = 2;
			remoteGlobalIDString = ECBCCDDA1BEB6B9B00723476;
			remoteInfo = "ReactiveKit-Tests";
		};
		EC71670A1DE5F5DD006F1386 /* PBXContainerItemProxy */ = {
			isa = PBXContainerItemProxy;
			containerPortal = EC7166F81DE5F5CF006F1386 /* ReactiveKit.xcodeproj */;
			proxyType = 1;
			remoteGlobalIDString = ECBCCDCF1BEB6B9A00723476;
			remoteInfo = "ReactiveKit-iOS";
		};
/* End PBXContainerItemProxy section */

/* Begin PBXFileReference section */
		EC28BB401E2B8A31002F34FE /* SafeClient.swift */ = {isa = PBXFileReference; fileEncoding = 4; lastKnownFileType = sourcecode.swift; path = SafeClient.swift; sourceTree = "<group>"; };
		EC28BB571E2BE92D002F34FE /* Activity.swift */ = {isa = PBXFileReference; fileEncoding = 4; lastKnownFileType = sourcecode.swift; path = Activity.swift; sourceTree = "<group>"; };
		EC7166C51DE5F2F5006F1386 /* ReactiveAPI.framework */ = {isa = PBXFileReference; explicitFileType = wrapper.framework; includeInIndex = 0; path = ReactiveAPI.framework; sourceTree = BUILT_PRODUCTS_DIR; };
		EC7166C81DE5F2F5006F1386 /* ReactiveAPI.h */ = {isa = PBXFileReference; lastKnownFileType = sourcecode.c.h; path = ReactiveAPI.h; sourceTree = "<group>"; };
		EC7166C91DE5F2F5006F1386 /* Info.plist */ = {isa = PBXFileReference; lastKnownFileType = text.plist.xml; path = Info.plist; sourceTree = "<group>"; };
		EC7166CE1DE5F2F5006F1386 /* ReactiveAPITests.xctest */ = {isa = PBXFileReference; explicitFileType = wrapper.cfbundle; includeInIndex = 0; path = ReactiveAPITests.xctest; sourceTree = BUILT_PRODUCTS_DIR; };
		EC7166D31DE5F2F5006F1386 /* ReactiveAPITests.swift */ = {isa = PBXFileReference; lastKnownFileType = sourcecode.swift; path = ReactiveAPITests.swift; sourceTree = "<group>"; };
		EC7166D51DE5F2F5006F1386 /* Info.plist */ = {isa = PBXFileReference; lastKnownFileType = text.plist.xml; path = Info.plist; sourceTree = "<group>"; };
		EC7166EC1DE5F496006F1386 /* Client.swift */ = {isa = PBXFileReference; fileEncoding = 4; lastKnownFileType = sourcecode.swift; path = Client.swift; sourceTree = "<group>"; };
		EC7166EE1DE5F496006F1386 /* HTTPMethod.swift */ = {isa = PBXFileReference; fileEncoding = 4; lastKnownFileType = sourcecode.swift; path = HTTPMethod.swift; sourceTree = "<group>"; };
		EC7166EF1DE5F496006F1386 /* RequestParameters.swift */ = {isa = PBXFileReference; fileEncoding = 4; lastKnownFileType = sourcecode.swift; path = RequestParameters.swift; sourceTree = "<group>"; };
		EC7166F01DE5F496006F1386 /* Request.swift */ = {isa = PBXFileReference; fileEncoding = 4; lastKnownFileType = sourcecode.swift; path = Request.swift; sourceTree = "<group>"; };
		EC7166F11DE5F496006F1386 /* Utilities.swift */ = {isa = PBXFileReference; fileEncoding = 4; lastKnownFileType = sourcecode.swift; path = Utilities.swift; sourceTree = "<group>"; };
		EC7166F81DE5F5CF006F1386 /* ReactiveKit.xcodeproj */ = {isa = PBXFileReference; lastKnownFileType = "wrapper.pb-project"; name = ReactiveKit.xcodeproj; path = Carthage/Checkouts/ReactiveKit/ReactiveKit.xcodeproj; sourceTree = "<group>"; };
		EC7ADFBB1E1AD18200D8F7E0 /* ReactiveAPI.framework */ = {isa = PBXFileReference; explicitFileType = wrapper.framework; includeInIndex = 0; path = ReactiveAPI.framework; sourceTree = BUILT_PRODUCTS_DIR; };
		EC7ADFCE1E1AD21200D8F7E0 /* ReactiveAPI.framework */ = {isa = PBXFileReference; explicitFileType = wrapper.framework; includeInIndex = 0; path = ReactiveAPI.framework; sourceTree = BUILT_PRODUCTS_DIR; };
		EC7ADFE11E1AD27000D8F7E0 /* ReactiveAPI.framework */ = {isa = PBXFileReference; explicitFileType = wrapper.framework; includeInIndex = 0; path = ReactiveAPI.framework; sourceTree = BUILT_PRODUCTS_DIR; };
/* End PBXFileReference section */

/* Begin PBXFrameworksBuildPhase section */
		EC7166C11DE5F2F5006F1386 /* Frameworks */ = {
			isa = PBXFrameworksBuildPhase;
			buildActionMask = 2147483647;
			files = (
				EC71670C1DE5F5E5006F1386 /* ReactiveKit.framework in Frameworks */,
			);
			runOnlyForDeploymentPostprocessing = 0;
		};
		EC7166CB1DE5F2F5006F1386 /* Frameworks */ = {
			isa = PBXFrameworksBuildPhase;
			buildActionMask = 2147483647;
			files = (
				EC7166CF1DE5F2F5006F1386 /* ReactiveAPI.framework in Frameworks */,
			);
			runOnlyForDeploymentPostprocessing = 0;
		};
		EC7ADFB71E1AD18200D8F7E0 /* Frameworks */ = {
			isa = PBXFrameworksBuildPhase;
			buildActionMask = 2147483647;
			files = (
			);
			runOnlyForDeploymentPostprocessing = 0;
		};
		EC7ADFCA1E1AD21200D8F7E0 /* Frameworks */ = {
			isa = PBXFrameworksBuildPhase;
			buildActionMask = 2147483647;
			files = (
			);
			runOnlyForDeploymentPostprocessing = 0;
		};
		EC7ADFDD1E1AD27000D8F7E0 /* Frameworks */ = {
			isa = PBXFrameworksBuildPhase;
			buildActionMask = 2147483647;
			files = (
			);
			runOnlyForDeploymentPostprocessing = 0;
		};
/* End PBXFrameworksBuildPhase section */

/* Begin PBXGroup section */
		EC7166BB1DE5F2F5006F1386 = {
			isa = PBXGroup;
			children = (
				EC7166F81DE5F5CF006F1386 /* ReactiveKit.xcodeproj */,
				EC7166EB1DE5F496006F1386 /* Sources */,
				EC7166C71DE5F2F5006F1386 /* ReactiveAPI */,
				EC7166D21DE5F2F5006F1386 /* ReactiveAPITests */,
				EC7166C61DE5F2F5006F1386 /* Products */,
			);
			sourceTree = "<group>";
		};
		EC7166C61DE5F2F5006F1386 /* Products */ = {
			isa = PBXGroup;
			children = (
				EC7166C51DE5F2F5006F1386 /* ReactiveAPI.framework */,
				EC7166CE1DE5F2F5006F1386 /* ReactiveAPITests.xctest */,
				EC7ADFBB1E1AD18200D8F7E0 /* ReactiveAPI.framework */,
				EC7ADFCE1E1AD21200D8F7E0 /* ReactiveAPI.framework */,
				EC7ADFE11E1AD27000D8F7E0 /* ReactiveAPI.framework */,
			);
			name = Products;
			sourceTree = "<group>";
		};
		EC7166C71DE5F2F5006F1386 /* ReactiveAPI */ = {
			isa = PBXGroup;
			children = (
				EC7166C81DE5F2F5006F1386 /* ReactiveAPI.h */,
				EC7166C91DE5F2F5006F1386 /* Info.plist */,
			);
			path = ReactiveAPI;
			sourceTree = "<group>";
		};
		EC7166D21DE5F2F5006F1386 /* ReactiveAPITests */ = {
			isa = PBXGroup;
			children = (
				EC7166D31DE5F2F5006F1386 /* ReactiveAPITests.swift */,
				EC7166D51DE5F2F5006F1386 /* Info.plist */,
			);
			path = ReactiveAPITests;
			sourceTree = "<group>";
		};
		EC7166EB1DE5F496006F1386 /* Sources */ = {
			isa = PBXGroup;
			children = (
				EC7166EC1DE5F496006F1386 /* Client.swift */,
				EC28BB401E2B8A31002F34FE /* SafeClient.swift */,
				EC28BB571E2BE92D002F34FE /* Activity.swift */,
				EC7166EE1DE5F496006F1386 /* HTTPMethod.swift */,
				EC7166F01DE5F496006F1386 /* Request.swift */,
				EC7166EF1DE5F496006F1386 /* RequestParameters.swift */,
				EC7166F11DE5F496006F1386 /* Utilities.swift */,
			);
			path = Sources;
			sourceTree = "<group>";
		};
		EC7166F91DE5F5CF006F1386 /* Products */ = {
			isa = PBXGroup;
			children = (
				EC7167011DE5F5CF006F1386 /* ReactiveKit.framework */,
				EC7167031DE5F5CF006F1386 /* ReactiveKit.framework */,
				EC7167051DE5F5CF006F1386 /* ReactiveKit.framework */,
				EC7167071DE5F5CF006F1386 /* ReactiveKit.framework */,
				EC7167091DE5F5CF006F1386 /* ReactiveKit-Tests.xctest */,
			);
			name = Products;
			sourceTree = "<group>";
		};
/* End PBXGroup section */

/* Begin PBXHeadersBuildPhase section */
		EC7166C21DE5F2F5006F1386 /* Headers */ = {
			isa = PBXHeadersBuildPhase;
			buildActionMask = 2147483647;
			files = (
				EC7166D61DE5F2F5006F1386 /* ReactiveAPI.h in Headers */,
			);
			runOnlyForDeploymentPostprocessing = 0;
		};
		EC7ADFB81E1AD18200D8F7E0 /* Headers */ = {
			isa = PBXHeadersBuildPhase;
			buildActionMask = 2147483647;
			files = (
				EC7ADFC81E1AD1D500D8F7E0 /* ReactiveAPI.h in Headers */,
			);
			runOnlyForDeploymentPostprocessing = 0;
		};
		EC7ADFCB1E1AD21200D8F7E0 /* Headers */ = {
			isa = PBXHeadersBuildPhase;
			buildActionMask = 2147483647;
			files = (
				EC7ADFDB1E1AD23400D8F7E0 /* ReactiveAPI.h in Headers */,
			);
			runOnlyForDeploymentPostprocessing = 0;
		};
		EC7ADFDE1E1AD27000D8F7E0 /* Headers */ = {
			isa = PBXHeadersBuildPhase;
			buildActionMask = 2147483647;
			files = (
			);
			runOnlyForDeploymentPostprocessing = 0;
		};
/* End PBXHeadersBuildPhase section */

/* Begin PBXNativeTarget section */
		EC7166C41DE5F2F5006F1386 /* ReactiveAPI-iOS */ = {
			isa = PBXNativeTarget;
			buildConfigurationList = EC7166D91DE5F2F5006F1386 /* Build configuration list for PBXNativeTarget "ReactiveAPI-iOS" */;
			buildPhases = (
				EC7166C01DE5F2F5006F1386 /* Sources */,
				EC7166C11DE5F2F5006F1386 /* Frameworks */,
				EC7166C21DE5F2F5006F1386 /* Headers */,
				EC7166C31DE5F2F5006F1386 /* Resources */,
			);
			buildRules = (
			);
			dependencies = (
				EC71670B1DE5F5DD006F1386 /* PBXTargetDependency */,
			);
			name = "ReactiveAPI-iOS";
			productName = ReactiveAPI;
			productReference = EC7166C51DE5F2F5006F1386 /* ReactiveAPI.framework */;
			productType = "com.apple.product-type.framework";
		};
		EC7166CD1DE5F2F5006F1386 /* ReactiveAPITests */ = {
			isa = PBXNativeTarget;
			buildConfigurationList = EC7166DC1DE5F2F5006F1386 /* Build configuration list for PBXNativeTarget "ReactiveAPITests" */;
			buildPhases = (
				EC7166CA1DE5F2F5006F1386 /* Sources */,
				EC7166CB1DE5F2F5006F1386 /* Frameworks */,
				EC7166CC1DE5F2F5006F1386 /* Resources */,
			);
			buildRules = (
			);
			dependencies = (
				EC7166D11DE5F2F5006F1386 /* PBXTargetDependency */,
			);
			name = ReactiveAPITests;
			productName = ReactiveAPITests;
			productReference = EC7166CE1DE5F2F5006F1386 /* ReactiveAPITests.xctest */;
			productType = "com.apple.product-type.bundle.unit-test";
		};
		EC7ADFBA1E1AD18200D8F7E0 /* ReactiveAPI-macOS */ = {
			isa = PBXNativeTarget;
			buildConfigurationList = EC7ADFC01E1AD18200D8F7E0 /* Build configuration list for PBXNativeTarget "ReactiveAPI-macOS" */;
			buildPhases = (
				EC7ADFB61E1AD18200D8F7E0 /* Sources */,
				EC7ADFB71E1AD18200D8F7E0 /* Frameworks */,
				EC7ADFB81E1AD18200D8F7E0 /* Headers */,
				EC7ADFB91E1AD18200D8F7E0 /* Resources */,
			);
			buildRules = (
			);
			dependencies = (
			);
			name = "ReactiveAPI-macOS";
			productName = "ReactiveAPI-macOS";
			productReference = EC7ADFBB1E1AD18200D8F7E0 /* ReactiveAPI.framework */;
			productType = "com.apple.product-type.framework";
		};
		EC7ADFCD1E1AD21200D8F7E0 /* ReactiveAPI-tvOS */ = {
			isa = PBXNativeTarget;
			buildConfigurationList = EC7ADFD31E1AD21200D8F7E0 /* Build configuration list for PBXNativeTarget "ReactiveAPI-tvOS" */;
			buildPhases = (
				EC7ADFC91E1AD21200D8F7E0 /* Sources */,
				EC7ADFCA1E1AD21200D8F7E0 /* Frameworks */,
				EC7ADFCB1E1AD21200D8F7E0 /* Headers */,
				EC7ADFCC1E1AD21200D8F7E0 /* Resources */,
			);
			buildRules = (
			);
			dependencies = (
			);
			name = "ReactiveAPI-tvOS";
			productName = "ReactiveAPI-tvOS";
			productReference = EC7ADFCE1E1AD21200D8F7E0 /* ReactiveAPI.framework */;
			productType = "com.apple.product-type.framework";
		};
		EC7ADFE01E1AD27000D8F7E0 /* ReactiveAPI-watchOS */ = {
			isa = PBXNativeTarget;
			buildConfigurationList = EC7ADFE61E1AD27000D8F7E0 /* Build configuration list for PBXNativeTarget "ReactiveAPI-watchOS" */;
			buildPhases = (
				EC7ADFDC1E1AD27000D8F7E0 /* Sources */,
				EC7ADFDD1E1AD27000D8F7E0 /* Frameworks */,
				EC7ADFDE1E1AD27000D8F7E0 /* Headers */,
				EC7ADFDF1E1AD27000D8F7E0 /* Resources */,
			);
			buildRules = (
			);
			dependencies = (
			);
			name = "ReactiveAPI-watchOS";
			productName = "ReactiveAPI-watchOS";
			productReference = EC7ADFE11E1AD27000D8F7E0 /* ReactiveAPI.framework */;
			productType = "com.apple.product-type.framework";
		};
/* End PBXNativeTarget section */

/* Begin PBXProject section */
		EC7166BC1DE5F2F5006F1386 /* Project object */ = {
			isa = PBXProject;
			attributes = {
				LastSwiftUpdateCheck = 0810;
				LastUpgradeCheck = 0820;
				ORGANIZATIONNAME = "Reactive Kit";
				TargetAttributes = {
					EC7166C41DE5F2F5006F1386 = {
						CreatedOnToolsVersion = 8.1;
						LastSwiftMigration = 0810;
						ProvisioningStyle = Automatic;
					};
					EC7166CD1DE5F2F5006F1386 = {
						CreatedOnToolsVersion = 8.1;
						ProvisioningStyle = Automatic;
					};
					EC7ADFBA1E1AD18200D8F7E0 = {
						CreatedOnToolsVersion = 8.1;
						ProvisioningStyle = Automatic;
					};
					EC7ADFCD1E1AD21200D8F7E0 = {
						CreatedOnToolsVersion = 8.1;
						ProvisioningStyle = Automatic;
					};
					EC7ADFE01E1AD27000D8F7E0 = {
						CreatedOnToolsVersion = 8.1;
						LastSwiftMigration = 0820;
						ProvisioningStyle = Automatic;
					};
				};
			};
			buildConfigurationList = EC7166BF1DE5F2F5006F1386 /* Build configuration list for PBXProject "ReactiveAPI" */;
			compatibilityVersion = "Xcode 3.2";
			developmentRegion = English;
			hasScannedForEncodings = 0;
			knownRegions = (
				en,
			);
			mainGroup = EC7166BB1DE5F2F5006F1386;
			productRefGroup = EC7166C61DE5F2F5006F1386 /* Products */;
			projectDirPath = "";
			projectReferences = (
				{
					ProductGroup = EC7166F91DE5F5CF006F1386 /* Products */;
					ProjectRef = EC7166F81DE5F5CF006F1386 /* ReactiveKit.xcodeproj */;
				},
			);
			projectRoot = "";
			targets = (
				EC7166C41DE5F2F5006F1386 /* ReactiveAPI-iOS */,
				EC7ADFBA1E1AD18200D8F7E0 /* ReactiveAPI-macOS */,
				EC7ADFCD1E1AD21200D8F7E0 /* ReactiveAPI-tvOS */,
				EC7ADFE01E1AD27000D8F7E0 /* ReactiveAPI-watchOS */,
				EC7166CD1DE5F2F5006F1386 /* ReactiveAPITests */,
			);
		};
/* End PBXProject section */

/* Begin PBXReferenceProxy section */
		EC7167011DE5F5CF006F1386 /* ReactiveKit.framework */ = {
			isa = PBXReferenceProxy;
			fileType = wrapper.framework;
			path = ReactiveKit.framework;
			remoteRef = EC7167001DE5F5CF006F1386 /* PBXContainerItemProxy */;
			sourceTree = BUILT_PRODUCTS_DIR;
		};
		EC7167031DE5F5CF006F1386 /* ReactiveKit.framework */ = {
			isa = PBXReferenceProxy;
			fileType = wrapper.framework;
			path = ReactiveKit.framework;
			remoteRef = EC7167021DE5F5CF006F1386 /* PBXContainerItemProxy */;
			sourceTree = BUILT_PRODUCTS_DIR;
		};
		EC7167051DE5F5CF006F1386 /* ReactiveKit.framework */ = {
			isa = PBXReferenceProxy;
			fileType = wrapper.framework;
			path = ReactiveKit.framework;
			remoteRef = EC7167041DE5F5CF006F1386 /* PBXContainerItemProxy */;
			sourceTree = BUILT_PRODUCTS_DIR;
		};
		EC7167071DE5F5CF006F1386 /* ReactiveKit.framework */ = {
			isa = PBXReferenceProxy;
			fileType = wrapper.framework;
			path = ReactiveKit.framework;
			remoteRef = EC7167061DE5F5CF006F1386 /* PBXContainerItemProxy */;
			sourceTree = BUILT_PRODUCTS_DIR;
		};
		EC7167091DE5F5CF006F1386 /* ReactiveKit-Tests.xctest */ = {
			isa = PBXReferenceProxy;
			fileType = wrapper.cfbundle;
			path = "ReactiveKit-Tests.xctest";
			remoteRef = EC7167081DE5F5CF006F1386 /* PBXContainerItemProxy */;
			sourceTree = BUILT_PRODUCTS_DIR;
		};
/* End PBXReferenceProxy section */

/* Begin PBXResourcesBuildPhase section */
		EC7166C31DE5F2F5006F1386 /* Resources */ = {
			isa = PBXResourcesBuildPhase;
			buildActionMask = 2147483647;
			files = (
			);
			runOnlyForDeploymentPostprocessing = 0;
		};
		EC7166CC1DE5F2F5006F1386 /* Resources */ = {
			isa = PBXResourcesBuildPhase;
			buildActionMask = 2147483647;
			files = (
			);
			runOnlyForDeploymentPostprocessing = 0;
		};
		EC7ADFB91E1AD18200D8F7E0 /* Resources */ = {
			isa = PBXResourcesBuildPhase;
			buildActionMask = 2147483647;
			files = (
			);
			runOnlyForDeploymentPostprocessing = 0;
		};
		EC7ADFCC1E1AD21200D8F7E0 /* Resources */ = {
			isa = PBXResourcesBuildPhase;
			buildActionMask = 2147483647;
			files = (
			);
			runOnlyForDeploymentPostprocessing = 0;
		};
		EC7ADFDF1E1AD27000D8F7E0 /* Resources */ = {
			isa = PBXResourcesBuildPhase;
			buildActionMask = 2147483647;
			files = (
			);
			runOnlyForDeploymentPostprocessing = 0;
		};
/* End PBXResourcesBuildPhase section */

/* Begin PBXSourcesBuildPhase section */
		EC7166C01DE5F2F5006F1386 /* Sources */ = {
			isa = PBXSourcesBuildPhase;
			buildActionMask = 2147483647;
			files = (
				EC7166F71DE5F496006F1386 /* Utilities.swift in Sources */,
				EC7166F61DE5F496006F1386 /* Request.swift in Sources */,
				EC28BB581E2BE92D002F34FE /* Activity.swift in Sources */,
				EC7166F51DE5F496006F1386 /* RequestParameters.swift in Sources */,
				ECC282CB1E1AACA50032EEB2 /* Client.swift in Sources */,
				EC7166F41DE5F496006F1386 /* HTTPMethod.swift in Sources */,
				EC28BB411E2B8A31002F34FE /* SafeClient.swift in Sources */,
			);
			runOnlyForDeploymentPostprocessing = 0;
		};
		EC7166CA1DE5F2F5006F1386 /* Sources */ = {
			isa = PBXSourcesBuildPhase;
			buildActionMask = 2147483647;
			files = (
				EC7166D41DE5F2F5006F1386 /* ReactiveAPITests.swift in Sources */,
			);
			runOnlyForDeploymentPostprocessing = 0;
		};
		EC7ADFB61E1AD18200D8F7E0 /* Sources */ = {
			isa = PBXSourcesBuildPhase;
			buildActionMask = 2147483647;
			files = (
				EC7ADFC51E1AD1D300D8F7E0 /* RequestParameters.swift in Sources */,
				EC7ADFC61E1AD1D300D8F7E0 /* Request.swift in Sources */,
				EC28BB591E2BE92D002F34FE /* Activity.swift in Sources */,
				EC7ADFC41E1AD1D300D8F7E0 /* HTTPMethod.swift in Sources */,
				EC7ADFC71E1AD1D300D8F7E0 /* Utilities.swift in Sources */,
				EC7ADFC31E1AD1D300D8F7E0 /* Client.swift in Sources */,
				EC28BB421E2B8A31002F34FE /* SafeClient.swift in Sources */,
			);
			runOnlyForDeploymentPostprocessing = 0;
		};
		EC7ADFC91E1AD21200D8F7E0 /* Sources */ = {
			isa = PBXSourcesBuildPhase;
			buildActionMask = 2147483647;
			files = (
				EC7ADFD81E1AD23100D8F7E0 /* RequestParameters.swift in Sources */,
				EC7ADFD91E1AD23100D8F7E0 /* Request.swift in Sources */,
				EC28BB5A1E2BE92D002F34FE /* Activity.swift in Sources */,
				EC7ADFD71E1AD23100D8F7E0 /* HTTPMethod.swift in Sources */,
				EC7ADFDA1E1AD23100D8F7E0 /* Utilities.swift in Sources */,
				EC7ADFD61E1AD23100D8F7E0 /* Client.swift in Sources */,
				EC28BB431E2B8A31002F34FE /* SafeClient.swift in Sources */,
			);
			runOnlyForDeploymentPostprocessing = 0;
		};
		EC7ADFDC1E1AD27000D8F7E0 /* Sources */ = {
			isa = PBXSourcesBuildPhase;
			buildActionMask = 2147483647;
			files = (
				EC28BB5B1E2BE92D002F34FE /* Activity.swift in Sources */,
				EC28BB441E2B8A31002F34FE /* SafeClient.swift in Sources */,
			);
			runOnlyForDeploymentPostprocessing = 0;
		};
/* End PBXSourcesBuildPhase section */

/* Begin PBXTargetDependency section */
		EC7166D11DE5F2F5006F1386 /* PBXTargetDependency */ = {
			isa = PBXTargetDependency;
			target = EC7166C41DE5F2F5006F1386 /* ReactiveAPI-iOS */;
			targetProxy = EC7166D01DE5F2F5006F1386 /* PBXContainerItemProxy */;
		};
		EC71670B1DE5F5DD006F1386 /* PBXTargetDependency */ = {
			isa = PBXTargetDependency;
			name = "ReactiveKit-iOS";
			targetProxy = EC71670A1DE5F5DD006F1386 /* PBXContainerItemProxy */;
		};
/* End PBXTargetDependency section */

/* Begin XCBuildConfiguration section */
		EC7166D71DE5F2F5006F1386 /* Debug */ = {
			isa = XCBuildConfiguration;
			buildSettings = {
				ALWAYS_SEARCH_USER_PATHS = NO;
				CLANG_ANALYZER_NONNULL = YES;
				CLANG_CXX_LANGUAGE_STANDARD = "gnu++0x";
				CLANG_CXX_LIBRARY = "libc++";
				CLANG_ENABLE_MODULES = YES;
				CLANG_ENABLE_OBJC_ARC = YES;
				CLANG_WARN_BOOL_CONVERSION = YES;
				CLANG_WARN_CONSTANT_CONVERSION = YES;
				CLANG_WARN_DIRECT_OBJC_ISA_USAGE = YES_ERROR;
				CLANG_WARN_DOCUMENTATION_COMMENTS = YES;
				CLANG_WARN_EMPTY_BODY = YES;
				CLANG_WARN_ENUM_CONVERSION = YES;
				CLANG_WARN_INFINITE_RECURSION = YES;
				CLANG_WARN_INT_CONVERSION = YES;
				CLANG_WARN_OBJC_ROOT_CLASS = YES_ERROR;
				CLANG_WARN_SUSPICIOUS_MOVE = YES;
				CLANG_WARN_SUSPICIOUS_MOVES = YES;
				CLANG_WARN_UNREACHABLE_CODE = YES;
				CLANG_WARN__DUPLICATE_METHOD_MATCH = YES;
				"CODE_SIGN_IDENTITY[sdk=iphoneos*]" = "iPhone Developer";
				COPY_PHASE_STRIP = NO;
				CURRENT_PROJECT_VERSION = 1;
				DEBUG_INFORMATION_FORMAT = dwarf;
				ENABLE_STRICT_OBJC_MSGSEND = YES;
				ENABLE_TESTABILITY = YES;
				GCC_C_LANGUAGE_STANDARD = gnu99;
				GCC_DYNAMIC_NO_PIC = NO;
				GCC_NO_COMMON_BLOCKS = YES;
				GCC_OPTIMIZATION_LEVEL = 0;
				GCC_PREPROCESSOR_DEFINITIONS = (
					"DEBUG=1",
					"$(inherited)",
				);
				GCC_WARN_64_TO_32_BIT_CONVERSION = YES;
				GCC_WARN_ABOUT_RETURN_TYPE = YES_ERROR;
				GCC_WARN_UNDECLARED_SELECTOR = YES;
				GCC_WARN_UNINITIALIZED_AUTOS = YES_AGGRESSIVE;
				GCC_WARN_UNUSED_FUNCTION = YES;
				GCC_WARN_UNUSED_VARIABLE = YES;
				IPHONEOS_DEPLOYMENT_TARGET = 8.0;
				MACOSX_DEPLOYMENT_TARGET = 10.10;
				MTL_ENABLE_DEBUG_INFO = YES;
				ONLY_ACTIVE_ARCH = YES;
				SDKROOT = iphoneos;
				SWIFT_ACTIVE_COMPILATION_CONDITIONS = DEBUG;
				SWIFT_OPTIMIZATION_LEVEL = "-Onone";
				TARGETED_DEVICE_FAMILY = "1,2";
				VERSIONING_SYSTEM = "apple-generic";
				VERSION_INFO_PREFIX = "";
			};
			name = Debug;
		};
		EC7166D81DE5F2F5006F1386 /* Release */ = {
			isa = XCBuildConfiguration;
			buildSettings = {
				ALWAYS_SEARCH_USER_PATHS = NO;
				CLANG_ANALYZER_NONNULL = YES;
				CLANG_CXX_LANGUAGE_STANDARD = "gnu++0x";
				CLANG_CXX_LIBRARY = "libc++";
				CLANG_ENABLE_MODULES = YES;
				CLANG_ENABLE_OBJC_ARC = YES;
				CLANG_WARN_BOOL_CONVERSION = YES;
				CLANG_WARN_CONSTANT_CONVERSION = YES;
				CLANG_WARN_DIRECT_OBJC_ISA_USAGE = YES_ERROR;
				CLANG_WARN_DOCUMENTATION_COMMENTS = YES;
				CLANG_WARN_EMPTY_BODY = YES;
				CLANG_WARN_ENUM_CONVERSION = YES;
				CLANG_WARN_INFINITE_RECURSION = YES;
				CLANG_WARN_INT_CONVERSION = YES;
				CLANG_WARN_OBJC_ROOT_CLASS = YES_ERROR;
				CLANG_WARN_SUSPICIOUS_MOVE = YES;
				CLANG_WARN_SUSPICIOUS_MOVES = YES;
				CLANG_WARN_UNREACHABLE_CODE = YES;
				CLANG_WARN__DUPLICATE_METHOD_MATCH = YES;
				"CODE_SIGN_IDENTITY[sdk=iphoneos*]" = "iPhone Developer";
				COPY_PHASE_STRIP = NO;
				CURRENT_PROJECT_VERSION = 1;
				DEBUG_INFORMATION_FORMAT = "dwarf-with-dsym";
				ENABLE_NS_ASSERTIONS = NO;
				ENABLE_STRICT_OBJC_MSGSEND = YES;
				GCC_C_LANGUAGE_STANDARD = gnu99;
				GCC_NO_COMMON_BLOCKS = YES;
				GCC_WARN_64_TO_32_BIT_CONVERSION = YES;
				GCC_WARN_ABOUT_RETURN_TYPE = YES_ERROR;
				GCC_WARN_UNDECLARED_SELECTOR = YES;
				GCC_WARN_UNINITIALIZED_AUTOS = YES_AGGRESSIVE;
				GCC_WARN_UNUSED_FUNCTION = YES;
				GCC_WARN_UNUSED_VARIABLE = YES;
				IPHONEOS_DEPLOYMENT_TARGET = 8.0;
				MACOSX_DEPLOYMENT_TARGET = 10.10;
				MTL_ENABLE_DEBUG_INFO = NO;
				SDKROOT = iphoneos;
				SWIFT_OPTIMIZATION_LEVEL = "-Owholemodule";
				TARGETED_DEVICE_FAMILY = "1,2";
				VALIDATE_PRODUCT = YES;
				VERSIONING_SYSTEM = "apple-generic";
				VERSION_INFO_PREFIX = "";
			};
			name = Release;
		};
		EC7166DA1DE5F2F5006F1386 /* Debug */ = {
			isa = XCBuildConfiguration;
			buildSettings = {
				CLANG_ENABLE_MODULES = YES;
				CODE_SIGN_IDENTITY = "";
				DEFINES_MODULE = YES;
				DYLIB_COMPATIBILITY_VERSION = 1;
				DYLIB_CURRENT_VERSION = 1;
				DYLIB_INSTALL_NAME_BASE = "@rpath";
				INFOPLIST_FILE = ReactiveAPI/Info.plist;
				INSTALL_PATH = "$(LOCAL_LIBRARY_DIR)/Frameworks";
				LD_RUNPATH_SEARCH_PATHS = "$(inherited) @executable_path/Frameworks @loader_path/Frameworks";
				PRODUCT_BUNDLE_IDENTIFIER = com.reactivekit.ReactiveAPI;
				PRODUCT_NAME = ReactiveAPI;
				SKIP_INSTALL = YES;
				SWIFT_OPTIMIZATION_LEVEL = "-Onone";
				SWIFT_VERSION = 3.0;
			};
			name = Debug;
		};
		EC7166DB1DE5F2F5006F1386 /* Release */ = {
			isa = XCBuildConfiguration;
			buildSettings = {
				CLANG_ENABLE_MODULES = YES;
				CODE_SIGN_IDENTITY = "";
				DEFINES_MODULE = YES;
				DYLIB_COMPATIBILITY_VERSION = 1;
				DYLIB_CURRENT_VERSION = 1;
				DYLIB_INSTALL_NAME_BASE = "@rpath";
				INFOPLIST_FILE = ReactiveAPI/Info.plist;
				INSTALL_PATH = "$(LOCAL_LIBRARY_DIR)/Frameworks";
				LD_RUNPATH_SEARCH_PATHS = "$(inherited) @executable_path/Frameworks @loader_path/Frameworks";
				PRODUCT_BUNDLE_IDENTIFIER = com.reactivekit.ReactiveAPI;
				PRODUCT_NAME = ReactiveAPI;
				SKIP_INSTALL = YES;
				SWIFT_VERSION = 3.0;
			};
			name = Release;
		};
		EC7166DD1DE5F2F5006F1386 /* Debug */ = {
			isa = XCBuildConfiguration;
			buildSettings = {
				ALWAYS_EMBED_SWIFT_STANDARD_LIBRARIES = YES;
				INFOPLIST_FILE = ReactiveAPITests/Info.plist;
				LD_RUNPATH_SEARCH_PATHS = "$(inherited) @executable_path/Frameworks @loader_path/Frameworks";
				PRODUCT_BUNDLE_IDENTIFIER = com.reactivekit.ReactiveAPITests;
				PRODUCT_NAME = "$(TARGET_NAME)";
				SWIFT_VERSION = 3.0;
			};
			name = Debug;
		};
		EC7166DE1DE5F2F5006F1386 /* Release */ = {
			isa = XCBuildConfiguration;
			buildSettings = {
				ALWAYS_EMBED_SWIFT_STANDARD_LIBRARIES = YES;
				INFOPLIST_FILE = ReactiveAPITests/Info.plist;
				LD_RUNPATH_SEARCH_PATHS = "$(inherited) @executable_path/Frameworks @loader_path/Frameworks";
				PRODUCT_BUNDLE_IDENTIFIER = com.reactivekit.ReactiveAPITests;
				PRODUCT_NAME = "$(TARGET_NAME)";
				SWIFT_VERSION = 3.0;
			};
			name = Release;
		};
		EC7ADFC11E1AD18200D8F7E0 /* Debug */ = {
			isa = XCBuildConfiguration;
			buildSettings = {
				CODE_SIGN_IDENTITY = "-";
				COMBINE_HIDPI_IMAGES = YES;
				DEFINES_MODULE = YES;
				DYLIB_COMPATIBILITY_VERSION = 1;
				DYLIB_CURRENT_VERSION = 1;
				DYLIB_INSTALL_NAME_BASE = "@rpath";
				FRAMEWORK_VERSION = A;
				INFOPLIST_FILE = ReactiveAPI/Info.plist;
				INSTALL_PATH = "$(LOCAL_LIBRARY_DIR)/Frameworks";
				LD_RUNPATH_SEARCH_PATHS = "$(inherited) @executable_path/../Frameworks @loader_path/Frameworks";
				MACOSX_DEPLOYMENT_TARGET = 10.10;
				PRODUCT_BUNDLE_IDENTIFIER = com.reactivekit.ReactiveAPI.ReactiveAPI;
				PRODUCT_NAME = ReactiveAPI;
				SDKROOT = macosx;
				SKIP_INSTALL = YES;
				SWIFT_VERSION = 3.0;
			};
			name = Debug;
		};
		EC7ADFC21E1AD18200D8F7E0 /* Release */ = {
			isa = XCBuildConfiguration;
			buildSettings = {
				CODE_SIGN_IDENTITY = "-";
				COMBINE_HIDPI_IMAGES = YES;
				DEFINES_MODULE = YES;
				DYLIB_COMPATIBILITY_VERSION = 1;
				DYLIB_CURRENT_VERSION = 1;
				DYLIB_INSTALL_NAME_BASE = "@rpath";
				FRAMEWORK_VERSION = A;
				INFOPLIST_FILE = ReactiveAPI/Info.plist;
				INSTALL_PATH = "$(LOCAL_LIBRARY_DIR)/Frameworks";
				LD_RUNPATH_SEARCH_PATHS = "$(inherited) @executable_path/../Frameworks @loader_path/Frameworks";
				MACOSX_DEPLOYMENT_TARGET = 10.10;
				PRODUCT_BUNDLE_IDENTIFIER = com.reactivekit.ReactiveAPI.ReactiveAPI;
				PRODUCT_NAME = ReactiveAPI;
				SDKROOT = macosx;
				SKIP_INSTALL = YES;
				SWIFT_VERSION = 3.0;
			};
			name = Release;
		};
		EC7ADFD41E1AD21200D8F7E0 /* Debug */ = {
			isa = XCBuildConfiguration;
			buildSettings = {
				CODE_SIGN_IDENTITY = "";
				DEFINES_MODULE = YES;
				DYLIB_COMPATIBILITY_VERSION = 1;
				DYLIB_CURRENT_VERSION = 1;
				DYLIB_INSTALL_NAME_BASE = "@rpath";
				INFOPLIST_FILE = ReactiveAPI/Info.plist;
				INSTALL_PATH = "$(LOCAL_LIBRARY_DIR)/Frameworks";
				LD_RUNPATH_SEARCH_PATHS = "$(inherited) @executable_path/Frameworks @loader_path/Frameworks";
				PRODUCT_BUNDLE_IDENTIFIER = com.reactivekit.ReactiveAPI.ReactiveAPI;
				PRODUCT_NAME = ReactiveAPI;
				SDKROOT = appletvos;
				SKIP_INSTALL = YES;
				SWIFT_VERSION = 3.0;
				TARGETED_DEVICE_FAMILY = 3;
				TVOS_DEPLOYMENT_TARGET = 9.0;
			};
			name = Debug;
		};
		EC7ADFD51E1AD21200D8F7E0 /* Release */ = {
			isa = XCBuildConfiguration;
			buildSettings = {
				CODE_SIGN_IDENTITY = "";
				DEFINES_MODULE = YES;
				DYLIB_COMPATIBILITY_VERSION = 1;
				DYLIB_CURRENT_VERSION = 1;
				DYLIB_INSTALL_NAME_BASE = "@rpath";
				INFOPLIST_FILE = ReactiveAPI/Info.plist;
				INSTALL_PATH = "$(LOCAL_LIBRARY_DIR)/Frameworks";
				LD_RUNPATH_SEARCH_PATHS = "$(inherited) @executable_path/Frameworks @loader_path/Frameworks";
				PRODUCT_BUNDLE_IDENTIFIER = com.reactivekit.ReactiveAPI.ReactiveAPI;
				PRODUCT_NAME = ReactiveAPI;
				SDKROOT = appletvos;
				SKIP_INSTALL = YES;
				SWIFT_VERSION = 3.0;
				TARGETED_DEVICE_FAMILY = 3;
				TVOS_DEPLOYMENT_TARGET = 9.0;
			};
			name = Release;
		};
		EC7ADFE71E1AD27000D8F7E0 /* Debug */ = {
			isa = XCBuildConfiguration;
			buildSettings = {
				APPLICATION_EXTENSION_API_ONLY = YES;
				CLANG_ENABLE_MODULES = YES;
				CODE_SIGN_IDENTITY = "";
				DEFINES_MODULE = YES;
				DYLIB_COMPATIBILITY_VERSION = 1;
				DYLIB_CURRENT_VERSION = 1;
				DYLIB_INSTALL_NAME_BASE = "@rpath";
				INFOPLIST_FILE = ReactiveAPI/Info.plist;
				INSTALL_PATH = "$(LOCAL_LIBRARY_DIR)/Frameworks";
				LD_RUNPATH_SEARCH_PATHS = "$(inherited) @executable_path/Frameworks @loader_path/Frameworks";
				PRODUCT_BUNDLE_IDENTIFIER = com.reactivekit.ReactiveAPI.ReactiveAPI;
				PRODUCT_NAME = ReactiveAPI;
				SDKROOT = watchos;
				SKIP_INSTALL = YES;
				SWIFT_OPTIMIZATION_LEVEL = "-Onone";
				SWIFT_VERSION = 3.0;
				TARGETED_DEVICE_FAMILY = 4;
				WATCHOS_DEPLOYMENT_TARGET = 2.0;
			};
			name = Debug;
		};
		EC7ADFE81E1AD27000D8F7E0 /* Release */ = {
			isa = XCBuildConfiguration;
			buildSettings = {
				APPLICATION_EXTENSION_API_ONLY = YES;
				CLANG_ENABLE_MODULES = YES;
				CODE_SIGN_IDENTITY = "";
				DEFINES_MODULE = YES;
				DYLIB_COMPATIBILITY_VERSION = 1;
				DYLIB_CURRENT_VERSION = 1;
				DYLIB_INSTALL_NAME_BASE = "@rpath";
				INFOPLIST_FILE = ReactiveAPI/Info.plist;
				INSTALL_PATH = "$(LOCAL_LIBRARY_DIR)/Frameworks";
				LD_RUNPATH_SEARCH_PATHS = "$(inherited) @executable_path/Frameworks @loader_path/Frameworks";
				PRODUCT_BUNDLE_IDENTIFIER = com.reactivekit.ReactiveAPI.ReactiveAPI;
				PRODUCT_NAME = ReactiveAPI;
				SDKROOT = watchos;
				SKIP_INSTALL = YES;
				SWIFT_VERSION = 3.0;
				TARGETED_DEVICE_FAMILY = 4;
				WATCHOS_DEPLOYMENT_TARGET = 2.0;
			};
			name = Release;
		};
/* End XCBuildConfiguration section */

/* Begin XCConfigurationList section */
		EC7166BF1DE5F2F5006F1386 /* Build configuration list for PBXProject "ReactiveAPI" */ = {
			isa = XCConfigurationList;
			buildConfigurations = (
				EC7166D71DE5F2F5006F1386 /* Debug */,
				EC7166D81DE5F2F5006F1386 /* Release */,
			);
			defaultConfigurationIsVisible = 0;
			defaultConfigurationName = Release;
		};
		EC7166D91DE5F2F5006F1386 /* Build configuration list for PBXNativeTarget "ReactiveAPI-iOS" */ = {
			isa = XCConfigurationList;
			buildConfigurations = (
				EC7166DA1DE5F2F5006F1386 /* Debug */,
				EC7166DB1DE5F2F5006F1386 /* Release */,
			);
			defaultConfigurationIsVisible = 0;
			defaultConfigurationName = Release;
		};
		EC7166DC1DE5F2F5006F1386 /* Build configuration list for PBXNativeTarget "ReactiveAPITests" */ = {
			isa = XCConfigurationList;
			buildConfigurations = (
				EC7166DD1DE5F2F5006F1386 /* Debug */,
				EC7166DE1DE5F2F5006F1386 /* Release */,
			);
			defaultConfigurationIsVisible = 0;
			defaultConfigurationName = Release;
		};
		EC7ADFC01E1AD18200D8F7E0 /* Build configuration list for PBXNativeTarget "ReactiveAPI-macOS" */ = {
			isa = XCConfigurationList;
			buildConfigurations = (
				EC7ADFC11E1AD18200D8F7E0 /* Debug */,
				EC7ADFC21E1AD18200D8F7E0 /* Release */,
			);
			defaultConfigurationIsVisible = 0;
			defaultConfigurationName = Release;
		};
		EC7ADFD31E1AD21200D8F7E0 /* Build configuration list for PBXNativeTarget "ReactiveAPI-tvOS" */ = {
			isa = XCConfigurationList;
			buildConfigurations = (
				EC7ADFD41E1AD21200D8F7E0 /* Debug */,
				EC7ADFD51E1AD21200D8F7E0 /* Release */,
			);
			defaultConfigurationIsVisible = 0;
			defaultConfigurationName = Release;
		};
		EC7ADFE61E1AD27000D8F7E0 /* Build configuration list for PBXNativeTarget "ReactiveAPI-watchOS" */ = {
			isa = XCConfigurationList;
			buildConfigurations = (
				EC7ADFE71E1AD27000D8F7E0 /* Debug */,
				EC7ADFE81E1AD27000D8F7E0 /* Release */,
			);
			defaultConfigurationIsVisible = 0;
			defaultConfigurationName = Release;
		};
/* End XCConfigurationList section */
	};
	rootObject = EC7166BC1DE5F2F5006F1386 /* Project object */;
}
